// !$*UTF8*$!
{
	archiveVersion = 1;
	classes = {
	};
	objectVersion = 48;
	objects = {

/* Begin PBXBuildFile section */
		550BC205218D6D190002CEEF /* AppDelegate.swift in Sources */ = {isa = PBXBuildFile; fileRef = 550BC204218D6D190002CEEF /* AppDelegate.swift */; };
		550BC207218D6D190002CEEF /* ViewController.swift in Sources */ = {isa = PBXBuildFile; fileRef = 550BC206218D6D190002CEEF /* ViewController.swift */; };
		550BC20A218D6D1A0002CEEF /* Main.storyboard in Resources */ = {isa = PBXBuildFile; fileRef = 550BC208218D6D1A0002CEEF /* Main.storyboard */; };
		550BC20C218D6D1A0002CEEF /* Assets.xcassets in Resources */ = {isa = PBXBuildFile; fileRef = 550BC20B218D6D1A0002CEEF /* Assets.xcassets */; };
		550BC20F218D6D1A0002CEEF /* LaunchScreen.storyboard in Resources */ = {isa = PBXBuildFile; fileRef = 550BC20D218D6D1A0002CEEF /* LaunchScreen.storyboard */; };
		550BC217218D6FCC0002CEEF /* SignUpViewController.swift in Sources */ = {isa = PBXBuildFile; fileRef = 550BC216218D6FCB0002CEEF /* SignUpViewController.swift */; };
		550BC219218D70090002CEEF /* TestViewController.swift in Sources */ = {isa = PBXBuildFile; fileRef = 550BC218218D70090002CEEF /* TestViewController.swift */; };
		550BC21B218D70E40002CEEF /* Usuarios.swift in Sources */ = {isa = PBXBuildFile; fileRef = 550BC21A218D70E40002CEEF /* Usuarios.swift */; };
		552FDA7F218E872C00ECA730 /* SchoolViewController.swift in Sources */ = {isa = PBXBuildFile; fileRef = 552FDA7E218E872C00ECA730 /* SchoolViewController.swift */; };
		552FDA81218E883B00ECA730 /* ItemCollectionViewCell.swift in Sources */ = {isa = PBXBuildFile; fileRef = 552FDA80218E883B00ECA730 /* ItemCollectionViewCell.swift */; };
		55C04B76218EB91300B8D285 /* ScoreListViewController.swift in Sources */ = {isa = PBXBuildFile; fileRef = 55C04B75218EB91300B8D285 /* ScoreListViewController.swift */; };
/* End PBXBuildFile section */

/* Begin PBXFileReference section */
		550BC201218D6D190002CEEF /* ProyectoFinal.app */ = {isa = PBXFileReference; explicitFileType = wrapper.application; includeInIndex = 0; path = ProyectoFinal.app; sourceTree = BUILT_PRODUCTS_DIR; };
		550BC204218D6D190002CEEF /* AppDelegate.swift */ = {isa = PBXFileReference; lastKnownFileType = sourcecode.swift; path = AppDelegate.swift; sourceTree = "<group>"; };
		550BC206218D6D190002CEEF /* ViewController.swift */ = {isa = PBXFileReference; lastKnownFileType = sourcecode.swift; path = ViewController.swift; sourceTree = "<group>"; };
		550BC209218D6D1A0002CEEF /* Base */ = {isa = PBXFileReference; lastKnownFileType = file.storyboard; name = Base; path = Base.lproj/Main.storyboard; sourceTree = "<group>"; };
		550BC20B218D6D1A0002CEEF /* Assets.xcassets */ = {isa = PBXFileReference; lastKnownFileType = folder.assetcatalog; path = Assets.xcassets; sourceTree = "<group>"; };
		550BC20E218D6D1A0002CEEF /* Base */ = {isa = PBXFileReference; lastKnownFileType = file.storyboard; name = Base; path = Base.lproj/LaunchScreen.storyboard; sourceTree = "<group>"; };
		550BC210218D6D1A0002CEEF /* Info.plist */ = {isa = PBXFileReference; lastKnownFileType = text.plist.xml; path = Info.plist; sourceTree = "<group>"; };
		550BC216218D6FCB0002CEEF /* SignUpViewController.swift */ = {isa = PBXFileReference; lastKnownFileType = sourcecode.swift; path = SignUpViewController.swift; sourceTree = "<group>"; };
		550BC218218D70090002CEEF /* TestViewController.swift */ = {isa = PBXFileReference; lastKnownFileType = sourcecode.swift; path = TestViewController.swift; sourceTree = "<group>"; };
		550BC21A218D70E40002CEEF /* Usuarios.swift */ = {isa = PBXFileReference; lastKnownFileType = sourcecode.swift; path = Usuarios.swift; sourceTree = "<group>"; };
		552FDA7E218E872C00ECA730 /* SchoolViewController.swift */ = {isa = PBXFileReference; lastKnownFileType = sourcecode.swift; path = SchoolViewController.swift; sourceTree = "<group>"; };
		552FDA80218E883B00ECA730 /* ItemCollectionViewCell.swift */ = {isa = PBXFileReference; lastKnownFileType = sourcecode.swift; path = ItemCollectionViewCell.swift; sourceTree = "<group>"; };
		55C04B75218EB91300B8D285 /* ScoreListViewController.swift */ = {isa = PBXFileReference; lastKnownFileType = sourcecode.swift; path = ScoreListViewController.swift; sourceTree = "<group>"; };
/* End PBXFileReference section */

/* Begin PBXFrameworksBuildPhase section */
		550BC1FE218D6D190002CEEF /* Frameworks */ = {
			isa = PBXFrameworksBuildPhase;
			buildActionMask = 2147483647;
			files = (
			);
			runOnlyForDeploymentPostprocessing = 0;
		};
/* End PBXFrameworksBuildPhase section */

/* Begin PBXGroup section */
		550BC1F8218D6D180002CEEF = {
			isa = PBXGroup;
			children = (
				550BC203218D6D190002CEEF /* ProyectoFinal */,
				550BC202218D6D190002CEEF /* Products */,
			);
			sourceTree = "<group>";
		};
		550BC202218D6D190002CEEF /* Products */ = {
			isa = PBXGroup;
			children = (
				550BC201218D6D190002CEEF /* ProyectoFinal.app */,
			);
			name = Products;
			sourceTree = "<group>";
		};
		550BC203218D6D190002CEEF /* ProyectoFinal */ = {
			isa = PBXGroup;
			children = (
				550BC204218D6D190002CEEF /* AppDelegate.swift */,
				550BC206218D6D190002CEEF /* ViewController.swift */,
				550BC208218D6D1A0002CEEF /* Main.storyboard */,
				550BC20B218D6D1A0002CEEF /* Assets.xcassets */,
				550BC20D218D6D1A0002CEEF /* LaunchScreen.storyboard */,
				550BC210218D6D1A0002CEEF /* Info.plist */,
				550BC216218D6FCB0002CEEF /* SignUpViewController.swift */,
				550BC218218D70090002CEEF /* TestViewController.swift */,
				550BC21A218D70E40002CEEF /* Usuarios.swift */,
				552FDA7E218E872C00ECA730 /* SchoolViewController.swift */,
				552FDA80218E883B00ECA730 /* ItemCollectionViewCell.swift */,
				55C04B75218EB91300B8D285 /* ScoreListViewController.swift */,
			);
			path = ProyectoFinal;
			sourceTree = "<group>";
		};
/* End PBXGroup section */

/* Begin PBXNativeTarget section */
		550BC200218D6D190002CEEF /* ProyectoFinal */ = {
			isa = PBXNativeTarget;
			buildConfigurationList = 550BC213218D6D1A0002CEEF /* Build configuration list for PBXNativeTarget "ProyectoFinal" */;
			buildPhases = (
				550BC1FD218D6D190002CEEF /* Sources */,
				550BC1FE218D6D190002CEEF /* Frameworks */,
				550BC1FF218D6D190002CEEF /* Resources */,
			);
			buildRules = (
			);
			dependencies = (
			);
			name = ProyectoFinal;
			productName = ProyectoFinal;
			productReference = 550BC201218D6D190002CEEF /* ProyectoFinal.app */;
			productType = "com.apple.product-type.application";
		};
/* End PBXNativeTarget section */

/* Begin PBXProject section */
		550BC1F9218D6D180002CEEF /* Project object */ = {
			isa = PBXProject;
			attributes = {
				LastSwiftUpdateCheck = 0910;
				LastUpgradeCheck = 0910;
				ORGANIZATIONNAME = "Ernesto Pang";
				TargetAttributes = {
					550BC200218D6D190002CEEF = {
						CreatedOnToolsVersion = 9.1;
						ProvisioningStyle = Automatic;
					};
				};
			};
			buildConfigurationList = 550BC1FC218D6D190002CEEF /* Build configuration list for PBXProject "ProyectoFinal" */;
			compatibilityVersion = "Xcode 8.0";
			developmentRegion = en;
			hasScannedForEncodings = 0;
			knownRegions = (
				en,
				Base,
			);
			mainGroup = 550BC1F8218D6D180002CEEF;
			productRefGroup = 550BC202218D6D190002CEEF /* Products */;
			projectDirPath = "";
			projectRoot = "";
			targets = (
				550BC200218D6D190002CEEF /* ProyectoFinal */,
			);
		};
/* End PBXProject section */

/* Begin PBXResourcesBuildPhase section */
		550BC1FF218D6D190002CEEF /* Resources */ = {
			isa = PBXResourcesBuildPhase;
			buildActionMask = 2147483647;
			files = (
				550BC20F218D6D1A0002CEEF /* LaunchScreen.storyboard in Resources */,
				550BC20C218D6D1A0002CEEF /* Assets.xcassets in Resources */,
				550BC20A218D6D1A0002CEEF /* Main.storyboard in Resources */,
			);
			runOnlyForDeploymentPostprocessing = 0;
		};
/* End PBXResourcesBuildPhase section */

/* Begin PBXSourcesBuildPhase section */
		550BC1FD218D6D190002CEEF /* Sources */ = {
			isa = PBXSourcesBuildPhase;
			buildActionMask = 2147483647;
			files = (
				550BC217218D6FCC0002CEEF /* SignUpViewController.swift in Sources */,
				550BC21B218D70E40002CEEF /* Usuarios.swift in Sources */,
				552FDA7F218E872C00ECA730 /* SchoolViewController.swift in Sources */,
				550BC207218D6D190002CEEF /* ViewController.swift in Sources */,
				550BC219218D70090002CEEF /* TestViewController.swift in Sources */,
				550BC205218D6D190002CEEF /* AppDelegate.swift in Sources */,
				552FDA81218E883B00ECA730 /* ItemCollectionViewCell.swift in Sources */,
				55C04B76218EB91300B8D285 /* ScoreListViewController.swift in Sources */,
			);
			runOnlyForDeploymentPostprocessing = 0;
		};
/* End PBXSourcesBuildPhase section */

/* Begin PBXVariantGroup section */
		550BC208218D6D1A0002CEEF /* Main.storyboard */ = {
			isa = PBXVariantGroup;
			children = (
				550BC209218D6D1A0002CEEF /* Base */,
			);
			name = Main.storyboard;
			sourceTree = "<group>";
		};
		550BC20D218D6D1A0002CEEF /* LaunchScreen.storyboard */ = {
			isa = PBXVariantGroup;
			children = (
				550BC20E218D6D1A0002CEEF /* Base */,
			);
			name = LaunchScreen.storyboard;
			sourceTree = "<group>";
		};
/* End PBXVariantGroup section */

/* Begin XCBuildConfiguration section */
		550BC211218D6D1A0002CEEF /* Debug */ = {
			isa = XCBuildConfiguration;
			buildSettings = {
				ALWAYS_SEARCH_USER_PATHS = NO;
				CLANG_ANALYZER_NONNULL = YES;
				CLANG_ANALYZER_NUMBER_OBJECT_CONVERSION = YES_AGGRESSIVE;
				CLANG_CXX_LANGUAGE_STANDARD = "gnu++14";
				CLANG_CXX_LIBRARY = "libc++";
				CLANG_ENABLE_MODULES = YES;
				CLANG_ENABLE_OBJC_ARC = YES;
				CLANG_WARN_BLOCK_CAPTURE_AUTORELEASING = YES;
				CLANG_WARN_BOOL_CONVERSION = YES;
				CLANG_WARN_COMMA = YES;
				CLANG_WARN_CONSTANT_CONVERSION = YES;
				CLANG_WARN_DIRECT_OBJC_ISA_USAGE = YES_ERROR;
				CLANG_WARN_DOCUMENTATION_COMMENTS = YES;
				CLANG_WARN_EMPTY_BODY = YES;
				CLANG_WARN_ENUM_CONVERSION = YES;
				CLANG_WARN_INFINITE_RECURSION = YES;
				CLANG_WARN_INT_CONVERSION = YES;
				CLANG_WARN_NON_LITERAL_NULL_CONVERSION = YES;
				CLANG_WARN_OBJC_LITERAL_CONVERSION = YES;
				CLANG_WARN_OBJC_ROOT_CLASS = YES_ERROR;
				CLANG_WARN_RANGE_LOOP_ANALYSIS = YES;
				CLANG_WARN_STRICT_PROTOTYPES = YES;
				CLANG_WARN_SUSPICIOUS_MOVE = YES;
				CLANG_WARN_UNGUARDED_AVAILABILITY = YES_AGGRESSIVE;
				CLANG_WARN_UNREACHABLE_CODE = YES;
				CLANG_WARN__DUPLICATE_METHOD_MATCH = YES;
				CODE_SIGN_IDENTITY = "iPhone Developer";
				COPY_PHASE_STRIP = NO;
				DEBUG_INFORMATION_FORMAT = dwarf;
				ENABLE_STRICT_OBJC_MSGSEND = YES;
				ENABLE_TESTABILITY = YES;
				GCC_C_LANGUAGE_STANDARD = gnu11;
				GCC_DYNAMIC_NO_PIC = NO;
				GCC_NO_COMMON_BLOCKS = YES;
				GCC_OPTIMIZATION_LEVEL = 0;
				GCC_PREPROCESSOR_DEFINITIONS = (
					"DEBUG=1",
					"$(inherited)",
				);
				GCC_WARN_64_TO_32_BIT_CONVERSION = YES;
				GCC_WARN_ABOUT_RETURN_TYPE = YES_ERROR;
				GCC_WARN_UNDECLARED_SELECTOR = YES;
				GCC_WARN_UNINITIALIZED_AUTOS = YES_AGGRESSIVE;
				GCC_WARN_UNUSED_FUNCTION = YES;
				GCC_WARN_UNUSED_VARIABLE = YES;
				IPHONEOS_DEPLOYMENT_TARGET = 11.1;
				MTL_ENABLE_DEBUG_INFO = YES;
				ONLY_ACTIVE_ARCH = YES;
				SDKROOT = iphoneos;
				SWIFT_ACTIVE_COMPILATION_CONDITIONS = DEBUG;
				SWIFT_OPTIMIZATION_LEVEL = "-Onone";
			};
			name = Debug;
		};
		550BC212218D6D1A0002CEEF /* Release */ = {
			isa = XCBuildConfiguration;
			buildSettings = {
				ALWAYS_SEARCH_USER_PATHS = NO;
				CLANG_ANALYZER_NONNULL = YES;
				CLANG_ANALYZER_NUMBER_OBJECT_CONVERSION = YES_AGGRESSIVE;
				CLANG_CXX_LANGUAGE_STANDARD = "gnu++14";
				CLANG_CXX_LIBRARY = "libc++";
				CLANG_ENABLE_MODULES = YES;
				CLANG_ENABLE_OBJC_ARC = YES;
				CLANG_WARN_BLOCK_CAPTURE_AUTORELEASING = YES;
				CLANG_WARN_BOOL_CONVERSION = YES;
				CLANG_WARN_COMMA = YES;
				CLANG_WARN_CONSTANT_CONVERSION = YES;
				CLANG_WARN_DIRECT_OBJC_ISA_USAGE = YES_ERROR;
				CLANG_WARN_DOCUMENTATION_COMMENTS = YES;
				CLANG_WARN_EMPTY_BODY = YES;
				CLANG_WARN_ENUM_CONVERSION = YES;
				CLANG_WARN_INFINITE_RECURSION = YES;
				CLANG_WARN_INT_CONVERSION = YES;
				CLANG_WARN_NON_LITERAL_NULL_CONVERSION = YES;
				CLANG_WARN_OBJC_LITERAL_CONVERSION = YES;
				CLANG_WARN_OBJC_ROOT_CLASS = YES_ERROR;
				CLANG_WARN_RANGE_LOOP_ANALYSIS = YES;
				CLANG_WARN_STRICT_PROTOTYPES = YES;
				CLANG_WARN_SUSPICIOUS_MOVE = YES;
				CLANG_WARN_UNGUARDED_AVAILABILITY = YES_AGGRESSIVE;
				CLANG_WARN_UNREACHABLE_CODE = YES;
				CLANG_WARN__DUPLICATE_METHOD_MATCH = YES;
				CODE_SIGN_IDENTITY = "iPhone Developer";
				COPY_PHASE_STRIP = NO;
				DEBUG_INFORMATION_FORMAT = "dwarf-with-dsym";
				ENABLE_NS_ASSERTIONS = NO;
				ENABLE_STRICT_OBJC_MSGSEND = YES;
				GCC_C_LANGUAGE_STANDARD = gnu11;
				GCC_NO_COMMON_BLOCKS = YES;
				GCC_WARN_64_TO_32_BIT_CONVERSION = YES;
				GCC_WARN_ABOUT_RETURN_TYPE = YES_ERROR;
				GCC_WARN_UNDECLARED_SELECTOR = YES;
				GCC_WARN_UNINITIALIZED_AUTOS = YES_AGGRESSIVE;
				GCC_WARN_UNUSED_FUNCTION = YES;
				GCC_WARN_UNUSED_VARIABLE = YES;
				IPHONEOS_DEPLOYMENT_TARGET = 11.1;
				MTL_ENABLE_DEBUG_INFO = NO;
				SDKROOT = iphoneos;
				SWIFT_OPTIMIZATION_LEVEL = "-Owholemodule";
				VALIDATE_PRODUCT = YES;
			};
			name = Release;
		};
		550BC214218D6D1A0002CEEF /* Debug */ = {
			isa = XCBuildConfiguration;
			buildSettings = {
				ASSETCATALOG_COMPILER_APPICON_NAME = AppIcon;
				CODE_SIGN_STYLE = Automatic;
				INFOPLIST_FILE = ProyectoFinal/Info.plist;
				LD_RUNPATH_SEARCH_PATHS = "$(inherited) @executable_path/Frameworks";
				PRODUCT_BUNDLE_IDENTIFIER = comioslab.ProyectoFinal;
				PRODUCT_NAME = "$(TARGET_NAME)";
				SWIFT_VERSION = 4.0;
				TARGETED_DEVICE_FAMILY = "1,2";
			};
			name = Debug;
		};
		550BC215218D6D1A0002CEEF /* Release */ = {
			isa = XCBuildConfiguration;
			buildSettings = {
				ASSETCATALOG_COMPILER_APPICON_NAME = AppIcon;
				CODE_SIGN_STYLE = Automatic;
				INFOPLIST_FILE = ProyectoFinal/Info.plist;
				LD_RUNPATH_SEARCH_PATHS = "$(inherited) @executable_path/Frameworks";
				PRODUCT_BUNDLE_IDENTIFIER = comioslab.ProyectoFinal;
				PRODUCT_NAME = "$(TARGET_NAME)";
				SWIFT_VERSION = 4.0;
				TARGETED_DEVICE_FAMILY = "1,2";
			};
			name = Release;
		};
/* End XCBuildConfiguration section */

/* Begin XCConfigurationList section */
		550BC1FC218D6D190002CEEF /* Build configuration list for PBXProject "ProyectoFinal" */ = {
			isa = XCConfigurationList;
			buildConfigurations = (
				550BC211218D6D1A0002CEEF /* Debug */,
				550BC212218D6D1A0002CEEF /* Release */,
			);
			defaultConfigurationIsVisible = 0;
			defaultConfigurationName = Release;
		};
		550BC213218D6D1A0002CEEF /* Build configuration list for PBXNativeTarget "ProyectoFinal" */ = {
			isa = XCConfigurationList;
			buildConfigurations = (
				550BC214218D6D1A0002CEEF /* Debug */,
				550BC215218D6D1A0002CEEF /* Release */,
			);
			defaultConfigurationIsVisible = 0;
			defaultConfigurationName = Release;
		};
/* End XCConfigurationList section */
	};
	rootObject = 550BC1F9218D6D180002CEEF /* Project object */;
}
